
Microsoft Visual Studio Solution File, Format Version 12.00
# Visual Studio Version 16
VisualStudioVersion = 16.0.30011.22
MinimumVisualStudioVersion = 10.0.40219.1
Project("{FAE04EC0-301F-11D3-BF4B-00C04F79EFBC}") = "EAVinogradov.CSWindowsForms.FourthLaboratory.FirstExample", "EAVinogradov.CSWindowsForms.FourthLaboratory.FirstExample\EAVinogradov.CSWindowsForms.FourthLaboratory.FirstExample.csproj", "{C9879370-D355-4388-A0F1-011469A2A86D}"
EndProject
Project("{FAE04EC0-301F-11D3-BF4B-00C04F79EFBC}") = "EAVinogradov.CSWindowsForms.FourthLaboratory.SecondExample", "EAVinogradov.CSWindowsForms.FourthLaboratory.SecondExample\EAVinogradov.CSWindowsForms.FourthLaboratory.SecondExample.csproj", "{371411A1-8824-4790-B450-9676E8753C29}"
EndProject
Project("{FAE04EC0-301F-11D3-BF4B-00C04F79EFBC}") = "EAVinogradov.CSWindowsForms.FourthLaboratory.FourthExample", "EAVinogradov.CSWindowsForms.FourthLaboratory.FourthExample\EAVinogradov.CSWindowsForms.FourthLaboratory.FourthExample.csproj", "{9F759EAE-1B8D-48D2-B33A-1A4D847A05FC}"
EndProject
Global
	GlobalSection(SolutionConfigurationPlatforms) = preSolution
		Debug|Any CPU = Debug|Any CPU
		Release|Any CPU = Release|Any CPU
	EndGlobalSection
	GlobalSection(ProjectConfigurationPlatforms) = postSolution
		{C9879370-D355-4388-A0F1-011469A2A86D}.Debug|Any CPU.ActiveCfg = Debug|Any CPU
		{C9879370-D355-4388-A0F1-011469A2A86D}.Debug|Any CPU.Build.0 = Debug|Any CPU
		{C9879370-D355-4388-A0F1-011469A2A86D}.Release|Any CPU.ActiveCfg = Release|Any CPU
		{C9879370-D355-4388-A0F1-011469A2A86D}.Release|Any CPU.Build.0 = Release|Any CPU
		{371411A1-8824-4790-B450-9676E8753C29}.Debug|Any CPU.ActiveCfg = Debug|Any CPU
		{371411A1-8824-4790-B450-9676E8753C29}.Debug|Any CPU.Build.0 = Debug|Any CPU
		{371411A1-8824-4790-B450-9676E8753C29}.Release|Any CPU.ActiveCfg = Release|Any CPU
		{371411A1-8824-4790-B450-9676E8753C29}.Release|Any CPU.Build.0 = Release|Any CPU
		{9F759EAE-1B8D-48D2-B33A-1A4D847A05FC}.Debug|Any CPU.ActiveCfg = Debug|Any CPU
		{9F759EAE-1B8D-48D2-B33A-1A4D847A05FC}.Debug|Any CPU.Build.0 = Debug|Any CPU
		{9F759EAE-1B8D-48D2-B33A-1A4D847A05FC}.Release|Any CPU.ActiveCfg = Release|Any CPU
		{9F759EAE-1B8D-48D2-B33A-1A4D847A05FC}.Release|Any CPU.Build.0 = Release|Any CPU
	EndGlobalSection
	GlobalSection(SolutionProperties) = preSolution
		HideSolutionNode = FALSE
	EndGlobalSection
	GlobalSection(ExtensibilityGlobals) = postSolution
		SolutionGuid = {414F36C5-A25F-4215-B301-856817A83C29}
	EndGlobalSection
EndGlobal
